
Microsoft Visual Studio Solution File, Format Version 12.00
# Visual Studio Version 17
VisualStudioVersion = 17.4.33205.214
MinimumVisualStudioVersion = 10.0.40219.1
Project("{9A19103F-16F7-4668-BE54-9A1E7A4F7556}") = "CTPSharp", "CTPSharp\CTPSharp.csproj", "{3DDFE734-E2A4-4A58-8842-00326A1452EC}"
EndProject
Project("{9A19103F-16F7-4668-BE54-9A1E7A4F7556}") = "Generator", "Generator\Generator.csproj", "{C8B66D92-82D8-4D56-923A-83ED51491328}"
EndProject
Project("{9A19103F-16F7-4668-BE54-9A1E7A4F7556}") = "Example", "Example\Example.csproj", "{17049403-D243-41B9-8415-9A88AD5DB331}"
EndProject
Global
	GlobalSection(SolutionConfigurationPlatforms) = preSolution
		Debug|Any CPU = Debug|Any CPU
		Debug|x64 = Debug|x64
		Debug|x86 = Debug|x86
		Release|Any CPU = Release|Any CPU
		Release|x64 = Release|x64
		Release|x86 = Release|x86
	EndGlobalSection
	GlobalSection(ProjectConfigurationPlatforms) = postSolution
		{3DDFE734-E2A4-4A58-8842-00326A1452EC}.Debug|Any CPU.ActiveCfg = Debug|Any CPU
		{3DDFE734-E2A4-4A58-8842-00326A1452EC}.Debug|Any CPU.Build.0 = Debug|Any CPU
		{3DDFE734-E2A4-4A58-8842-00326A1452EC}.Debug|x64.ActiveCfg = Debug|Any CPU
		{3DDFE734-E2A4-4A58-8842-00326A1452EC}.Debug|x64.Build.0 = Debug|Any CPU
		{3DDFE734-E2A4-4A58-8842-00326A1452EC}.Debug|x86.ActiveCfg = Debug|Any CPU
		{3DDFE734-E2A4-4A58-8842-00326A1452EC}.Debug|x86.Build.0 = Debug|Any CPU
		{3DDFE734-E2A4-4A58-8842-00326A1452EC}.Release|Any CPU.ActiveCfg = Release|Any CPU
		{3DDFE734-E2A4-4A58-8842-00326A1452EC}.Release|Any CPU.Build.0 = Release|Any CPU
		{3DDFE734-E2A4-4A58-8842-00326A1452EC}.Release|x64.ActiveCfg = Release|Any CPU
		{3DDFE734-E2A4-4A58-8842-00326A1452EC}.Release|x64.Build.0 = Release|Any CPU
		{3DDFE734-E2A4-4A58-8842-00326A1452EC}.Release|x86.ActiveCfg = Release|Any CPU
		{3DDFE734-E2A4-4A58-8842-00326A1452EC}.Release|x86.Build.0 = Release|Any CPU
		{C8B66D92-82D8-4D56-923A-83ED51491328}.Debug|Any CPU.ActiveCfg = Debug|Any CPU
		{C8B66D92-82D8-4D56-923A-83ED51491328}.Debug|Any CPU.Build.0 = Debug|Any CPU
		{C8B66D92-82D8-4D56-923A-83ED51491328}.Debug|x64.ActiveCfg = Debug|Any CPU
		{C8B66D92-82D8-4D56-923A-83ED51491328}.Debug|x64.Build.0 = Debug|Any CPU
		{C8B66D92-82D8-4D56-923A-83ED51491328}.Debug|x86.ActiveCfg = Debug|Any CPU
		{C8B66D92-82D8-4D56-923A-83ED51491328}.Debug|x86.Build.0 = Debug|Any CPU
		{C8B66D92-82D8-4D56-923A-83ED51491328}.Release|Any CPU.ActiveCfg = Release|Any CPU
		{C8B66D92-82D8-4D56-923A-83ED51491328}.Release|Any CPU.Build.0 = Release|Any CPU
		{C8B66D92-82D8-4D56-923A-83ED51491328}.Release|x64.ActiveCfg = Release|Any CPU
		{C8B66D92-82D8-4D56-923A-83ED51491328}.Release|x64.Build.0 = Release|Any CPU
		{C8B66D92-82D8-4D56-923A-83ED51491328}.Release|x86.ActiveCfg = Release|Any CPU
		{C8B66D92-82D8-4D56-923A-83ED51491328}.Release|x86.Build.0 = Release|Any CPU
		{17049403-D243-41B9-8415-9A88AD5DB331}.Debug|Any CPU.ActiveCfg = Debug|Any CPU
		{17049403-D243-41B9-8415-9A88AD5DB331}.Debug|Any CPU.Build.0 = Debug|Any CPU
		{17049403-D243-41B9-8415-9A88AD5DB331}.Debug|x64.ActiveCfg = Debug|Any CPU
		{17049403-D243-41B9-8415-9A88AD5DB331}.Debug|x64.Build.0 = Debug|Any CPU
		{17049403-D243-41B9-8415-9A88AD5DB331}.Debug|x86.ActiveCfg = Debug|Any CPU
		{17049403-D243-41B9-8415-9A88AD5DB331}.Debug|x86.Build.0 = Debug|Any CPU
		{17049403-D243-41B9-8415-9A88AD5DB331}.Release|Any CPU.ActiveCfg = Release|Any CPU
		{17049403-D243-41B9-8415-9A88AD5DB331}.Release|Any CPU.Build.0 = Release|Any CPU
		{17049403-D243-41B9-8415-9A88AD5DB331}.Release|x64.ActiveCfg = Release|Any CPU
		{17049403-D243-41B9-8415-9A88AD5DB331}.Release|x64.Build.0 = Release|Any CPU
		{17049403-D243-41B9-8415-9A88AD5DB331}.Release|x86.ActiveCfg = Release|Any CPU
		{17049403-D243-41B9-8415-9A88AD5DB331}.Release|x86.Build.0 = Release|Any CPU
	EndGlobalSection
	GlobalSection(SolutionProperties) = preSolution
		HideSolutionNode = FALSE
	EndGlobalSection
	GlobalSection(ExtensibilityGlobals) = postSolution
		SolutionGuid = {D20102B8-1865-4512-9D3B-7EAA07683FE2}
	EndGlobalSection
EndGlobal
